{
  "nodes": {
    "home-manager": {
      "inputs": {
        "nixpkgs": [
          "nixpkgs"
        ]
      },
      "locked": {
        "lastModified": 1790275434,
        "narHash": "sha256-9dZF1EviQA/XKCjHChddQh7skrfKnZPSqPOqEeOKW0k=",
        "ref": "master",
        "rev": "f2981148865f7390d187a91d4b1a3a7616047d6d",
        "shallow": true,
        "type": "git",
        "url": "ssh://git@github.com/nix-community/home-manager.git"
      },
      "original": {
        "ref": "master",
        "shallow": true,
        "type": "git",
        "url": "ssh://git@github.com/nix-community/home-manager.git"
      }
    },
    "nixpkgs": {
      "locked": {
        "lastModified": 1790185690,
        "narHash": "sha256-xJ+X4hBtOcAFGBOe5nAMyMUeF9foJBmIOu3NjBqBycU=",
        "ref": "nixos-unstable",
        "rev": "4975466d324710c576dc11ad614684e6bd8cad8e",
        "shallow": true,
        "type": "git",
        "url": "ssh://git@github.com/NixOS/nixpkgs.git"
      },
      "original": {
        "ref": "nixos-unstable",
        "shallow": true,
        "type": "git",
        "url": "ssh://git@github.com/NixOS/nixpkgs.git"
      }
    },
    "plangothic": {
      "inputs": {
        "nixpkgs": [
          "nixpkgs"
        ]
      },
      "locked": {
        "lastModified": 1790255527,
        "narHash": "sha256-o9YY/iEHZBSzXE1KHCcYlTn2U+EgIrmg/aQS5m4dfPY=",
        "ref": "refs/heads/main",
        "rev": "a9c2c86fe8a33318016e56c365f59e50d80203cd",
        "shallow": true,
        "type": "git",
        "url": "ssh://git@codeberg.org/AstroNot233/Plangothic.nix.git"
      },
      "original": {
        "shallow": true,
        "type": "git",
        "url": "ssh://git@codeberg.org/AstroNot233/Plangothic.nix.git"
      }
    },
    "root": {
      "inputs": {
        "home-manager": "home-manager",
        "nixpkgs": "nixpkgs",
        "plangothic": "plangothic"
      }
    }
  },
  "root": "root",
  "version": 7
}
