{
  "nodes": {
    "home-manager": {
      "inputs": {
        "nixpkgs": [
          "nixpkgs"
        ]
      },
      "locked": {
        "lastModified": 1790911008,
        "narHash": "sha256-r7KBcjLlw7LzuvCYUU1V50L81uf+0YgHTCnhymTwwpw=",
        "ref": "master",
        "rev": "a439f71e75b94c88300022045713c790c79ba007",
        "shallow": true,
        "type": "git",
        "url": "ssh://git@github.com/nix-community/home-manager.git"
      },
      "original": {
        "ref": "master",
        "shallow": true,
        "type": "git",
        "url": "ssh://git@github.com/nix-community/home-manager.git"
      }
    },
    "nixpkgs": {
      "locked": {
        "lastModified": 1790822859,
        "narHash": "sha256-69xHQhAeMAD2wDXO7T2pcOZIF9Sga2W+JkmY2a11Ops=",
        "ref": "nixos-unstable",
        "rev": "c59305bab2065cfecc4944690d9eedbb56f3a9fa",
        "shallow": true,
        "type": "git",
        "url": "ssh://git@github.com/NixOS/nixpkgs.git"
      },
      "original": {
        "ref": "nixos-unstable",
        "shallow": true,
        "type": "git",
        "url": "ssh://git@github.com/NixOS/nixpkgs.git"
      }
    },
    "plangothic": {
      "inputs": {
        "nixpkgs": [
          "nixpkgs"
        ]
      },
      "locked": {
        "lastModified": 1790255527,
        "narHash": "sha256-o9YY/iEHZBSzXE1KHCcYlTn2U+EgIrmg/aQS5m4dfPY=",
        "ref": "refs/heads/main",
        "rev": "a9c2c86fe8a33318016e56c365f59e50d80203cd",
        "shallow": true,
        "type": "git",
        "url": "ssh://git@codeberg.org/AstroNot233/Plangothic.nix.git"
      },
      "original": {
        "shallow": true,
        "type": "git",
        "url": "ssh://git@codeberg.org/AstroNot233/Plangothic.nix.git"
      }
    },
    "root": {
      "inputs": {
        "home-manager": "home-manager",
        "nixpkgs": "nixpkgs",
        "plangothic": "plangothic"
      }
    }
  },
  "root": "root",
  "version": 7
}
